
Microsoft Visual Studio Solution File, Format Version 12.00
# Visual Studio 15
VisualStudioVersion = 15.0.27130.2020
MinimumVisualStudioVersion = 10.0.40219.1
Project("{FAE04EC0-301F-11D3-BF4B-00C04F79EFBC}") = "Watermelons", "Watermelons\Watermelons.csproj", "{6E528F28-C970-4E47-9731-57D371C023A2}"
EndProject
Project("{FAE04EC0-301F-11D3-BF4B-00C04F79EFBC}") = "Watermelons.Tests", "Watermelons.Tests\Watermelons.Tests.csproj", "{DD6C5978-2AB6-4CFE-8B77-B80AAB37A4B0}"
EndProject
Global
	GlobalSection(SolutionConfigurationPlatforms) = preSolution
		Debug|Any CPU = Debug|Any CPU
		Release|Any CPU = Release|Any CPU
	EndGlobalSection
	GlobalSection(ProjectConfigurationPlatforms) = postSolution
		{6E528F28-C970-4E47-9731-57D371C023A2}.Debug|Any CPU.ActiveCfg = Debug|Any CPU
		{6E528F28-C970-4E47-9731-57D371C023A2}.Debug|Any CPU.Build.0 = Debug|Any CPU
		{6E528F28-C970-4E47-9731-57D371C023A2}.Release|Any CPU.ActiveCfg = Release|Any CPU
		{6E528F28-C970-4E47-9731-57D371C023A2}.Release|Any CPU.Build.0 = Release|Any CPU
		{DD6C5978-2AB6-4CFE-8B77-B80AAB37A4B0}.Debug|Any CPU.ActiveCfg = Debug|Any CPU
		{DD6C5978-2AB6-4CFE-8B77-B80AAB37A4B0}.Debug|Any CPU.Build.0 = Debug|Any CPU
		{DD6C5978-2AB6-4CFE-8B77-B80AAB37A4B0}.Release|Any CPU.ActiveCfg = Release|Any CPU
		{DD6C5978-2AB6-4CFE-8B77-B80AAB37A4B0}.Release|Any CPU.Build.0 = Release|Any CPU
	EndGlobalSection
	GlobalSection(SolutionProperties) = preSolution
		HideSolutionNode = FALSE
	EndGlobalSection
	GlobalSection(ExtensibilityGlobals) = postSolution
		SolutionGuid = {CDF224AF-29E6-4AB2-8F5D-9DE5A7ED40EC}
	EndGlobalSection
EndGlobal
